
Microsoft Visual Studio Solution File, Format Version 12.00
# Visual Studio Version 16
VisualStudioVersion = 16.0.29709.97
MinimumVisualStudioVersion = 10.0.40219.1
Project("{2150E333-8FDC-42A3-9474-1A3956D46DE8}") = "Solution Items", "Solution Items", "{14133E64-8631-46C8-8477-D41C821968F4}"
	ProjectSection(SolutionItems) = preProject
		README.md = README.md
	EndProjectSection
EndProject
Project("{9A19103F-16F7-4668-BE54-9A1E7A4F7556}") = "OpenHtmlToPdf", "OpenHtmlToPdf\OpenHtmlToPdf.csproj", "{A06550F3-E20C-4600-BCC9-164332C9BB62}"
EndProject
Project("{9A19103F-16F7-4668-BE54-9A1E7A4F7556}") = "OpenHtmlToPdf.WkHtmlToPdf", "OpenHtmlToPdf.WkHtmlToPdf\OpenHtmlToPdf.WkHtmlToPdf.csproj", "{49787F61-6DCC-4686-A648-6B0F6511A104}"
EndProject
Project("{9A19103F-16F7-4668-BE54-9A1E7A4F7556}") = "OpenHtmlToPdf.Tests", "OpenHtmlToPdf.Tests\OpenHtmlToPdf.Tests.csproj", "{3AB07E96-7FD0-4EAA-B670-062989B61EA6}"
EndProject
Global
	GlobalSection(SolutionConfigurationPlatforms) = preSolution
		Debug|Any CPU = Debug|Any CPU
		Debug|x64 = Debug|x64
		Debug|x86 = Debug|x86
		Release|Any CPU = Release|Any CPU
		Release|x64 = Release|x64
		Release|x86 = Release|x86
	EndGlobalSection
	GlobalSection(ProjectConfigurationPlatforms) = postSolution
		{A06550F3-E20C-4600-BCC9-164332C9BB62}.Debug|Any CPU.ActiveCfg = Debug|Any CPU
		{A06550F3-E20C-4600-BCC9-164332C9BB62}.Debug|Any CPU.Build.0 = Debug|Any CPU
		{A06550F3-E20C-4600-BCC9-164332C9BB62}.Debug|x64.ActiveCfg = Debug|Any CPU
		{A06550F3-E20C-4600-BCC9-164332C9BB62}.Debug|x64.Build.0 = Debug|Any CPU
		{A06550F3-E20C-4600-BCC9-164332C9BB62}.Debug|x86.ActiveCfg = Debug|Any CPU
		{A06550F3-E20C-4600-BCC9-164332C9BB62}.Debug|x86.Build.0 = Debug|Any CPU
		{A06550F3-E20C-4600-BCC9-164332C9BB62}.Release|Any CPU.ActiveCfg = Release|Any CPU
		{A06550F3-E20C-4600-BCC9-164332C9BB62}.Release|Any CPU.Build.0 = Release|Any CPU
		{A06550F3-E20C-4600-BCC9-164332C9BB62}.Release|x64.ActiveCfg = Release|Any CPU
		{A06550F3-E20C-4600-BCC9-164332C9BB62}.Release|x64.Build.0 = Release|Any CPU
		{A06550F3-E20C-4600-BCC9-164332C9BB62}.Release|x86.ActiveCfg = Release|Any CPU
		{A06550F3-E20C-4600-BCC9-164332C9BB62}.Release|x86.Build.0 = Release|Any CPU
		{49787F61-6DCC-4686-A648-6B0F6511A104}.Debug|Any CPU.ActiveCfg = Debug|Any CPU
		{49787F61-6DCC-4686-A648-6B0F6511A104}.Debug|Any CPU.Build.0 = Debug|Any CPU
		{49787F61-6DCC-4686-A648-6B0F6511A104}.Debug|x64.ActiveCfg = Debug|Any CPU
		{49787F61-6DCC-4686-A648-6B0F6511A104}.Debug|x64.Build.0 = Debug|Any CPU
		{49787F61-6DCC-4686-A648-6B0F6511A104}.Debug|x86.ActiveCfg = Debug|Any CPU
		{49787F61-6DCC-4686-A648-6B0F6511A104}.Debug|x86.Build.0 = Debug|Any CPU
		{49787F61-6DCC-4686-A648-6B0F6511A104}.Release|Any CPU.ActiveCfg = Release|Any CPU
		{49787F61-6DCC-4686-A648-6B0F6511A104}.Release|Any CPU.Build.0 = Release|Any CPU
		{49787F61-6DCC-4686-A648-6B0F6511A104}.Release|x64.ActiveCfg = Release|Any CPU
		{49787F61-6DCC-4686-A648-6B0F6511A104}.Release|x64.Build.0 = Release|Any CPU
		{49787F61-6DCC-4686-A648-6B0F6511A104}.Release|x86.ActiveCfg = Release|Any CPU
		{49787F61-6DCC-4686-A648-6B0F6511A104}.Release|x86.Build.0 = Release|Any CPU
		{3AB07E96-7FD0-4EAA-B670-062989B61EA6}.Debug|Any CPU.ActiveCfg = Debug|Any CPU
		{3AB07E96-7FD0-4EAA-B670-062989B61EA6}.Debug|Any CPU.Build.0 = Debug|Any CPU
		{3AB07E96-7FD0-4EAA-B670-062989B61EA6}.Debug|x64.ActiveCfg = Debug|Any CPU
		{3AB07E96-7FD0-4EAA-B670-062989B61EA6}.Debug|x64.Build.0 = Debug|Any CPU
		{3AB07E96-7FD0-4EAA-B670-062989B61EA6}.Debug|x86.ActiveCfg = Debug|Any CPU
		{3AB07E96-7FD0-4EAA-B670-062989B61EA6}.Debug|x86.Build.0 = Debug|Any CPU
		{3AB07E96-7FD0-4EAA-B670-062989B61EA6}.Release|Any CPU.ActiveCfg = Release|Any CPU
		{3AB07E96-7FD0-4EAA-B670-062989B61EA6}.Release|Any CPU.Build.0 = Release|Any CPU
		{3AB07E96-7FD0-4EAA-B670-062989B61EA6}.Release|x64.ActiveCfg = Release|Any CPU
		{3AB07E96-7FD0-4EAA-B670-062989B61EA6}.Release|x64.Build.0 = Release|Any CPU
		{3AB07E96-7FD0-4EAA-B670-062989B61EA6}.Release|x86.ActiveCfg = Release|Any CPU
		{3AB07E96-7FD0-4EAA-B670-062989B61EA6}.Release|x86.Build.0 = Release|Any CPU
	EndGlobalSection
	GlobalSection(SolutionProperties) = preSolution
		HideSolutionNode = FALSE
	EndGlobalSection
	GlobalSection(ExtensibilityGlobals) = postSolution
		SolutionGuid = {5CFADE61-C323-4042-A50F-DC4DD4A0682A}
	EndGlobalSection
EndGlobal
